
Microsoft Visual Studio Solution File, Format Version 12.00
# Visual Studio Version 16
VisualStudioVersion = 16.0.31613.86
MinimumVisualStudioVersion = 10.0.40219.1
Project("{E24C65DC-7377-472B-9ABA-BC803B73C61A}") = "ASM", "d:\B700316\Desktop\ASM\", "{F87763FB-CC96-4D52-AD3C-6F60A717EA1C}"
	ProjectSection(WebsiteProperties) = preProject
		TargetFrameworkMoniker = ".NETFramework,Version%3Dv2.0"
		Debug.AspNetCompiler.VirtualPath = "/localhost_64129"
		Debug.AspNetCompiler.PhysicalPath = "d:\B700316\Desktop\ASM\"
		Debug.AspNetCompiler.TargetPath = "PrecompiledWeb\localhost_64129\"
		Debug.AspNetCompiler.Updateable = "true"
		Debug.AspNetCompiler.ForceOverwrite = "true"
		Debug.AspNetCompiler.FixedNames = "false"
		Debug.AspNetCompiler.Debug = "True"
		Release.AspNetCompiler.VirtualPath = "/localhost_64129"
		Release.AspNetCompiler.PhysicalPath = "d:\B700316\Desktop\ASM\"
		Release.AspNetCompiler.TargetPath = "PrecompiledWeb\localhost_64129\"
		Release.AspNetCompiler.Updateable = "true"
		Release.AspNetCompiler.ForceOverwrite = "true"
		Release.AspNetCompiler.FixedNames = "false"
		Release.AspNetCompiler.Debug = "False"
		VWDPort = "64129"
		SlnRelativePath = "d:\B700316\Desktop\ASM\"
	EndProjectSection
EndProject
Global
	GlobalSection(SolutionConfigurationPlatforms) = preSolution
		Debug|Any CPU = Debug|Any CPU
	EndGlobalSection
	GlobalSection(ProjectConfigurationPlatforms) = postSolution
		{F87763FB-CC96-4D52-AD3C-6F60A717EA1C}.Debug|Any CPU.ActiveCfg = Debug|Any CPU
		{F87763FB-CC96-4D52-AD3C-6F60A717EA1C}.Debug|Any CPU.Build.0 = Debug|Any CPU
	EndGlobalSection
	GlobalSection(SolutionProperties) = preSolution
		HideSolutionNode = FALSE
	EndGlobalSection
	GlobalSection(ExtensibilityGlobals) = postSolution
		SolutionGuid = {0E5A634B-C4D3-49CB-A209-EB91D366DB4A}
	EndGlobalSection
EndGlobal
